cloud.google.com/go v0.15.0 h1:/e2wXYguItvFu4fJCvhMRPIwwrimuUxI+aCVx/ahLjg=
cloud.google.com/go v0.15.0/go.mod h1:aQUYkXzVsufM+DwF1aE+0xfcU+56JwCaLick0ClmMTw=
github.com/garyburd/redigo v1.2.0 h1:l2RL1LG+FC1gM5pm6nZUtWBYuALPJ+Bc6qEgWdCVeYQ=
github.com/garyburd/redigo v1.2.0/go.mod h1:NR3MbYisc3/PwhQ00EMzDiPmrwpPxAn5GI05/YaO1SY=
github.com/go-sql-driver/mysql v1.3.0 h1:pgwjLi/dvffoP9aabwkT3AKpXQM93QARkjFhDDqC1UE=
github.com/go-sql-driver/mysql v1.3.0/go.mod h1:zAC/RDZ24gD3HViQzih4MyKcchzm+sOG5ZlKdlhCg5w=
github.com/golang/protobuf v0.0.0-20171021043952-1643683e1b54/go.mod h1:6lQm79b+lXiMfvg/cZm0SGofjICqVBUtrP5yJMmIC1U=
github.com/gorilla/context v0.0.0-20160226214623-1ea25387ff6f h1:9oNbS1z4rVpbnkHBdPZU4jo9bSmrLpII768arSyMFgk=
github.com/gorilla/context v0.0.0-20160226214623-1ea25387ff6f/go.mod h1:kBGZzfjB9CEq2AlWe17Uuf7NDRt0dE0s8S51q0aT7Yg=
github.com/gorilla/mux v1.5.0 h1:mq8bRov+5x+pZNR/uAHyUEgovR9gLgYFwDQIeuYi9TM=
github.com/gorilla/mux v1.5.0/go.mod h1:1lud6UwP+6orDFRuTfBEV8e9/aOM/c4fVVCaMa2zaAs=
github.com/gorilla/securecookie v0.0.0-20160422134519-667fe4e3466a h1:YH0IojQwndMQdeRWdw1aPT8bkbiWaYR3WD+Zf5e09DU=
github.com/gorilla/securecookie v0.0.0-20160422134519-667fe4e3466a/go.mod h1:ra0sb63/xPlUeL+yeDciTfxMRAA+MP+HVt/4epWDjd4=
github.com/gorilla/sessions v0.0.0-20160922145804-ca9ada445741 h1:OuuPl66BpF1q3OEkaPpp+VfzxrBBY62ATGdWqql/XX8=
github.com/gorilla/sessions v0.0.0-20160922145804-ca9ada445741/go.mod h1:+WVp8kdw6VhyKExm03PAMRn2ZxnPtm58pV0dBVPdhHE=
github.com/jinzhu/gorm v0.0.0-20160404144928-5174cc5c242a h1:pfPxlCVlKqBRqHpyCxOIKhhB4ERpz02iadDpRVevLm4=
github.com/jinzhu/gorm v0.0.0-20160404144928-5174cc5c242a/go.mod h1:Vla75njaFJ8clLU1W44h34PjIkijhjHIYnZxMqCdxqo=
github.com/jinzhu/inflection v0.0.0-20170102125226-1c35d901db3d h1:jRQLvyVGL+iVtDElaEIDdKwpPqUIZJfzkNLV34htpEc=
github.com/jinzhu/inflection v0.0.0-20170102125226-1c35d901db3d/go.mod h1:h+uFLlag+Qp1Va5pdKtLDYj+kHp5pxUVkryuEj+Srlc=
github.com/joho/godotenv v1.2.0 h1:vGTvz69FzUFp+X4/bAkb0j5BoLC+9bpqTWY8mjhA9pc=
github.com/joho/godotenv v1.2.0/go.mod h1:7hK45KPybAkOC6peb+G5yklZfMxEjkZhHbwpqxOKXbg=
github.com/mssola/user_agent v0.4.1 h1:iTUaMpVrb2qWyvUw8UvK3ygWMd2lB1NGuZ1xhpBf1eg=
github.com/mssola/user_agent v0.4.1/go.mod h1:UFiKPVaShrJGW93n4uo8dpPdg1BSVpw2P9bneo0Mtp8=
github.com/skip2/go-qrcode v0.0.0-20190110000554-dc11ecdae0a9 h1:lpEzuenPuO1XNTeikEmvqYFcU37GVLl8SRNblzyvGBE=
github.com/skip2/go-qrcode v0.0.0-20190110000554-dc11ecdae0a9/go.mod h1:PLPIyL7ikehBD1OAjmKKiOEhbvWyHGaNDjquXMcYABo=
github.com/tomasen/realip v0.0.0-20150926082420-15489afd3be3 h1:rWpxqO3I4dELg1HgDD3EyrQ5FOWjpzxh8QhBM3FF37c=
github.com/tomasen/realip v0.0.0-20150926082420-15489afd3be3/go.mod h1:o8v6yHRoik09Xen7gje4m9ERNah1d1PPsVq1VEx9vE4=
golang.org/x/net v0.0.0-20171027103834-c73622c77280 h1:TFSo8RGq2v9crRl/RW0EH71y1kdSjqeCxljzuDsD+oA=
golang.org/x/net v0.0.0-20171027103834-c73622c77280/go.mod h1:mL1N/T3taQHkDXs73rZJwtUhF3w3ftmwwsq0BUmARs4=
golang.org/x/oauth2 v0.0.0-20170928010508-bb50c06baba3 h1:YGx0PRKSN/2n/OcdFycCC0JUA/Ln+i5lPcN8VoNDus0=
golang.org/x/oauth2 v0.0.0-20170928010508-bb50c06baba3/go.mod h1:N/0e6XlmueqKjAGxoOufVs8QHGRruUQn6yWY3a++T0U=
google.golang.org/appengine v1.0.0/go.mod h1:EbEs0AVv82hx2wNQdGPgUI5lhzA/G0D9YwlJXL52JkM=
